{
  "nodes": {
    "antigravity-nix": {
      "inputs": {
        "flake-utils": "flake-utils",
        "nixpkgs": [
          "nixpkgs"
        ]
      },
      "locked": {
        "lastModified": 1788592425,
        "narHash": "sha256-N6tHHlKKL0ErBZN0FRN47bFRGe7jzd5n/s0iv5codi8=",
        "owner": "jacopone",
        "repo": "antigravity-nix",
        "rev": "6310713b4f3e0c1d6ac28b30c2fdd66bfcec9275",
        "type": "github"
      },
      "original": {
        "owner": "jacopone",
        "repo": "antigravity-nix",
        "type": "github"
      }
    },
    "bun2nix": {
      "inputs": {
        "flake-parts": [
          "llm-agents",
          "flake-parts"
        ],
        "nixpkgs": [
          "llm-agents",
          "nixpkgs"
        ],
        "systems": [
          "llm-agents",
          "systems"
        ],
        "treefmt-nix": [
          "llm-agents",
          "treefmt-nix"
        ]
      },
      "locked": {
        "lastModified": 1788011267,
        "narHash": "sha256-mEq2kU+ljompTToZ44Afvm7d/rHJ5iMBl0tjZuyShJs=",
        "owner": "Mic92",
        "repo": "bun2nix",
        "rev": "5765b0614591f75ee8ba5596e81ae85c167d1071",
        "type": "github"
      },
      "original": {
        "owner": "Mic92",
        "ref": "fix-structured-attrs-hook",
        "repo": "bun2nix",
        "type": "github"
      }
    },
    "flake-parts": {
      "inputs": {
        "nixpkgs-lib": [
          "llm-agents",
          "nixpkgs"
        ]
      },
      "locked": {
        "lastModified": 1788450739,
        "narHash": "sha256-glZLQlzIn1fXH6PazR2iUmTo7kzzyYSshrWhLS9TqCU=",
        "owner": "hercules-ci",
        "repo": "flake-parts",
        "rev": "31729ca8cbdb4fa927b34e5f4353e6a83f39e993",
        "type": "github"
      },
      "original": {
        "owner": "hercules-ci",
        "repo": "flake-parts",
        "type": "github"
      }
    },
    "flake-utils": {
      "inputs": {
        "systems": "systems"
      },
      "locked": {
        "lastModified": 1731533236,
        "narHash": "sha256-l0KFg5HjrsfsO/JpG+r7fRrqm12kzFHyUHqHCVpMMbI=",
        "owner": "numtide",
        "repo": "flake-utils",
        "rev": "11707dc2f618dd54ca8739b309ec4fc024de578b",
        "type": "github"
      },
      "original": {
        "owner": "numtide",
        "repo": "flake-utils",
        "type": "github"
      }
    },
    "llm-agents": {
      "inputs": {
        "bun2nix": "bun2nix",
        "flake-parts": "flake-parts",
        "nixpkgs": [
          "nixpkgs"
        ],
        "systems": "systems_2",
        "treefmt-nix": "treefmt-nix"
      },
      "locked": {
        "lastModified": 1788513921,
        "narHash": "sha256-EcfAKzcETRKOhUKjmoLp4gk0bKtkKNaz2y5Kba2cUQk=",
        "owner": "numtide",
        "repo": "llm-agents.nix",
        "rev": "f9a83fd4942a37f2e2c7a07a4d508dbaaee968f8",
        "type": "github"
      },
      "original": {
        "owner": "numtide",
        "repo": "llm-agents.nix",
        "type": "github"
      }
    },
    "nixpkgs": {
      "locked": {
        "lastModified": 1788404924,
        "narHash": "sha256-lhEhY8X5EgkQ/eg6IFz4cc8jRuSYSvnxx1al7d1dvZ0=",
        "owner": "NixOS",
        "repo": "nixpkgs",
        "rev": "0968519e14f7aa7d3e9b389682bd74d2b51c8ce8",
        "type": "github"
      },
      "original": {
        "owner": "NixOS",
        "ref": "nixos-unstable",
        "repo": "nixpkgs",
        "type": "github"
      }
    },
    "nixpkgs_2": {
      "locked": {
        "lastModified": 1787900134,
        "narHash": "sha256-5GWj0FI2uOwKNpXkmpWrSFDe1rCaNBCUQ8d+HDtFQPI=",
        "rev": "83199d0d373dd3ac2b9a1996b1d0263f76ab7a4c",
        "type": "tarball",
        "url": "https://releases.nixos.org/nixos/unstable/nixos-26.11pre1063296.83199d0d373d/nixexprs.tar.zst"
      },
      "original": {
        "type": "tarball",
        "url": "https://channels.nixos.org/nixos-unstable/nixexprs.tar.zst"
      }
    },
    "noctalia": {
      "inputs": {
        "nixpkgs": "nixpkgs_2"
      },
      "locked": {
        "lastModified": 1788627284,
        "narHash": "sha256-eCkvy5yqd0QqTPMKL5bpUTfsZ8ay4TZVxV+RH5gmyBw=",
        "owner": "noctalia-dev",
        "repo": "noctalia",
        "rev": "c07f9749de7917fde6d6ab62d137a48be356f72d",
        "type": "github"
      },
      "original": {
        "owner": "noctalia-dev",
        "ref": "cachix",
        "repo": "noctalia",
        "type": "github"
      }
    },
    "noctalia-greeter": {
      "inputs": {
        "nixpkgs": [
          "nixpkgs"
        ]
      },
      "locked": {
        "lastModified": 1788659470,
        "narHash": "sha256-RO8wWGLONJB8UjRTCXvdHxbM3vAeeicgjtPHaiJz/V0=",
        "owner": "noctalia-dev",
        "repo": "noctalia-greeter",
        "rev": "446c098e49edc8cfc030066e8a87e3e29c016a8b",
        "type": "github"
      },
      "original": {
        "owner": "noctalia-dev",
        "repo": "noctalia-greeter",
        "type": "github"
      }
    },
    "root": {
      "inputs": {
        "antigravity-nix": "antigravity-nix",
        "llm-agents": "llm-agents",
        "nixpkgs": "nixpkgs",
        "noctalia": "noctalia",
        "noctalia-greeter": "noctalia-greeter"
      }
    },
    "systems": {
      "locked": {
        "lastModified": 1681028828,
        "narHash": "sha256-Vy1rq5AaRuLzOxct8nz4T6wlgyUR7zLU309k9mBC768=",
        "owner": "nix-systems",
        "repo": "default",
        "rev": "da67096a3b9bf56a91d16901293e51ba5b49a27e",
        "type": "github"
      },
      "original": {
        "owner": "nix-systems",
        "repo": "default",
        "type": "github"
      }
    },
    "systems_2": {
      "locked": {
        "lastModified": 1681028828,
        "narHash": "sha256-Vy1rq5AaRuLzOxct8nz4T6wlgyUR7zLU309k9mBC768=",
        "owner": "nix-systems",
        "repo": "default",
        "rev": "da67096a3b9bf56a91d16901293e51ba5b49a27e",
        "type": "github"
      },
      "original": {
        "owner": "nix-systems",
        "repo": "default",
        "type": "github"
      }
    },
    "treefmt-nix": {
      "inputs": {
        "nixpkgs": [
          "llm-agents",
          "nixpkgs"
        ]
      },
      "locked": {
        "lastModified": 1786901030,
        "narHash": "sha256-WSFCsDSE5ffgD2MqzkM2CYjeFiKhRF/dJUN8uedb6YE=",
        "owner": "numtide",
        "repo": "treefmt-nix",
        "rev": "27b3b12a8e6375f28ebe122f07d230ca5459bbfa",
        "type": "github"
      },
      "original": {
        "owner": "numtide",
        "repo": "treefmt-nix",
        "type": "github"
      }
    }
  },
  "root": "root",
  "version": 7
}
